
Microsoft Visual Studio Solution File, Format Version 12.00
# Visual Studio 15
VisualStudioVersion = 15.0.27130.2036
MinimumVisualStudioVersion = 10.0.40219.1
Project("{2150E333-8FDC-42A3-9474-1A3956D46DE8}") = "3-Infrastructure", "3-Infrastructure", "{731FF2BD-B46E-4E43-9240-9474C17282E8}"
EndProject
Project("{2150E333-8FDC-42A3-9474-1A3956D46DE8}") = "4-Entities", "4-Entities", "{3DDFF3F5-8934-4592-B008-29718ACF2E1A}"
EndProject
Project("{2150E333-8FDC-42A3-9474-1A3956D46DE8}") = "1-Distributed Services", "1-Distributed Services", "{E4418871-4531-4E20-8D3E-3A5D4DF6B480}"
EndProject
Project("{2150E333-8FDC-42A3-9474-1A3956D46DE8}") = "2-Application", "2-Application", "{9C8B4C4C-5D0C-456B-8FB5-A396C86FE0D5}"
EndProject
Project("{2150E333-8FDC-42A3-9474-1A3956D46DE8}") = "3.1-Thirdy", "3.1-Thirdy", "{6FF295A9-A9F1-435B-B808-42B4C3702050}"
EndProject
Project("{9A19103F-16F7-4668-BE54-9A1E7A4F7556}") = "Belcorp.Encore.Application", "Belcorp.Encore.Application\Belcorp.Encore.Application.csproj", "{4DEB0884-8CFE-4723-84D9-81C110714F37}"
EndProject
Project("{9A19103F-16F7-4668-BE54-9A1E7A4F7556}") = "Belcorp.Encore.Data", "Belcorp.Encore.Data\Belcorp.Encore.Data.csproj", "{9CDB0FBB-7CF4-4866-96EA-B843E05944EA}"
EndProject
Project("{9A19103F-16F7-4668-BE54-9A1E7A4F7556}") = "Microsoft.EntityFrameworkCore.UnitOfWork", "Microsoft.EntityFrameworkCore.UnitOfWork\Microsoft.EntityFrameworkCore.UnitOfWork.csproj", "{BDEB4BD9-BEF8-41CD-8C81-A64C77C143BD}"
EndProject
Project("{9A19103F-16F7-4668-BE54-9A1E7A4F7556}") = "Belcorp.Encore.Entities", "Belcorp.Encore.Entities\Belcorp.Encore.Entities.csproj", "{A6777219-0B15-40FA-897F-6AF8C1031B84}"
EndProject
Project("{9A19103F-16F7-4668-BE54-9A1E7A4F7556}") = "Belcorp.Encore.Repositories", "Belcorp.Encore.Repositories\Belcorp.Encore.Repositories.csproj", "{42F030AD-E83D-41C2-9B7C-7B3EF575CAD1}"
EndProject
Project("{9A19103F-16F7-4668-BE54-9A1E7A4F7556}") = "Belcorp.Encore.Api", "Belcorp.Encore.Api\Belcorp.Encore.Api.csproj", "{C47E4903-FFB6-4560-A915-532AC590561F}"
EndProject
Global
	GlobalSection(SolutionConfigurationPlatforms) = preSolution
		Debug|Any CPU = Debug|Any CPU
		Release|Any CPU = Release|Any CPU
	EndGlobalSection
	GlobalSection(ProjectConfigurationPlatforms) = postSolution
		{4DEB0884-8CFE-4723-84D9-81C110714F37}.Debug|Any CPU.ActiveCfg = Debug|Any CPU
		{4DEB0884-8CFE-4723-84D9-81C110714F37}.Debug|Any CPU.Build.0 = Debug|Any CPU
		{4DEB0884-8CFE-4723-84D9-81C110714F37}.Release|Any CPU.ActiveCfg = Release|Any CPU
		{4DEB0884-8CFE-4723-84D9-81C110714F37}.Release|Any CPU.Build.0 = Release|Any CPU
		{9CDB0FBB-7CF4-4866-96EA-B843E05944EA}.Debug|Any CPU.ActiveCfg = Debug|Any CPU
		{9CDB0FBB-7CF4-4866-96EA-B843E05944EA}.Debug|Any CPU.Build.0 = Debug|Any CPU
		{9CDB0FBB-7CF4-4866-96EA-B843E05944EA}.Release|Any CPU.ActiveCfg = Release|Any CPU
		{9CDB0FBB-7CF4-4866-96EA-B843E05944EA}.Release|Any CPU.Build.0 = Release|Any CPU
		{BDEB4BD9-BEF8-41CD-8C81-A64C77C143BD}.Debug|Any CPU.ActiveCfg = Debug|Any CPU
		{BDEB4BD9-BEF8-41CD-8C81-A64C77C143BD}.Debug|Any CPU.Build.0 = Debug|Any CPU
		{BDEB4BD9-BEF8-41CD-8C81-A64C77C143BD}.Release|Any CPU.ActiveCfg = Release|Any CPU
		{BDEB4BD9-BEF8-41CD-8C81-A64C77C143BD}.Release|Any CPU.Build.0 = Release|Any CPU
		{A6777219-0B15-40FA-897F-6AF8C1031B84}.Debug|Any CPU.ActiveCfg = Debug|Any CPU
		{A6777219-0B15-40FA-897F-6AF8C1031B84}.Debug|Any CPU.Build.0 = Debug|Any CPU
		{A6777219-0B15-40FA-897F-6AF8C1031B84}.Release|Any CPU.ActiveCfg = Release|Any CPU
		{A6777219-0B15-40FA-897F-6AF8C1031B84}.Release|Any CPU.Build.0 = Release|Any CPU
		{42F030AD-E83D-41C2-9B7C-7B3EF575CAD1}.Debug|Any CPU.ActiveCfg = Debug|Any CPU
		{42F030AD-E83D-41C2-9B7C-7B3EF575CAD1}.Debug|Any CPU.Build.0 = Debug|Any CPU
		{42F030AD-E83D-41C2-9B7C-7B3EF575CAD1}.Release|Any CPU.ActiveCfg = Release|Any CPU
		{42F030AD-E83D-41C2-9B7C-7B3EF575CAD1}.Release|Any CPU.Build.0 = Release|Any CPU
		{C47E4903-FFB6-4560-A915-532AC590561F}.Debug|Any CPU.ActiveCfg = Debug|Any CPU
		{C47E4903-FFB6-4560-A915-532AC590561F}.Debug|Any CPU.Build.0 = Debug|Any CPU
		{C47E4903-FFB6-4560-A915-532AC590561F}.Release|Any CPU.ActiveCfg = Release|Any CPU
		{C47E4903-FFB6-4560-A915-532AC590561F}.Release|Any CPU.Build.0 = Release|Any CPU
	EndGlobalSection
	GlobalSection(SolutionProperties) = preSolution
		HideSolutionNode = FALSE
	EndGlobalSection
	GlobalSection(NestedProjects) = preSolution
		{6FF295A9-A9F1-435B-B808-42B4C3702050} = {731FF2BD-B46E-4E43-9240-9474C17282E8}
		{4DEB0884-8CFE-4723-84D9-81C110714F37} = {9C8B4C4C-5D0C-456B-8FB5-A396C86FE0D5}
		{9CDB0FBB-7CF4-4866-96EA-B843E05944EA} = {731FF2BD-B46E-4E43-9240-9474C17282E8}
		{BDEB4BD9-BEF8-41CD-8C81-A64C77C143BD} = {6FF295A9-A9F1-435B-B808-42B4C3702050}
		{A6777219-0B15-40FA-897F-6AF8C1031B84} = {3DDFF3F5-8934-4592-B008-29718ACF2E1A}
		{42F030AD-E83D-41C2-9B7C-7B3EF575CAD1} = {731FF2BD-B46E-4E43-9240-9474C17282E8}
		{C47E4903-FFB6-4560-A915-532AC590561F} = {E4418871-4531-4E20-8D3E-3A5D4DF6B480}
	EndGlobalSection
	GlobalSection(ExtensibilityGlobals) = postSolution
		SolutionGuid = {6FB42E63-00DA-4AFB-A7D4-54D88646C7CF}
	EndGlobalSection
EndGlobal
